
Microsoft Visual Studio Solution File, Format Version 12.00
# Visual Studio Version 16
VisualStudioVersion = 16.0.32929.386
MinimumVisualStudioVersion = 10.0.40219.1
Project("{FAE04EC0-301F-11D3-BF4B-00C04F79EFBC}") = "bingoapp", "bingoapp\bingoapp.csproj", "{6C032C78-17AD-4AD8-91C6-57786E259E73}"
EndProject
Global
	GlobalSection(SolutionConfigurationPlatforms) = preSolution
		Debug|Any CPU = Debug|Any CPU
		Release|Any CPU = Release|Any CPU
	EndGlobalSection
	GlobalSection(ProjectConfigurationPlatforms) = postSolution
		{6C032C78-17AD-4AD8-91C6-57786E259E73}.Debug|Any CPU.ActiveCfg = Debug|Any CPU
		{6C032C78-17AD-4AD8-91C6-57786E259E73}.Debug|Any CPU.Build.0 = Debug|Any CPU
		{6C032C78-17AD-4AD8-91C6-57786E259E73}.Release|Any CPU.ActiveCfg = Release|Any CPU
		{6C032C78-17AD-4AD8-91C6-57786E259E73}.Release|Any CPU.Build.0 = Release|Any CPU
	EndGlobalSection
	GlobalSection(SolutionProperties) = preSolution
		HideSolutionNode = FALSE
	EndGlobalSection
	GlobalSection(ExtensibilityGlobals) = postSolution
		SolutionGuid = {94713073-8F31-494F-98C7-32B20AE0ED44}
	EndGlobalSection
EndGlobal
